
Microsoft Visual Studio Solution File, Format Version 12.00
# Visual Studio Version 17
VisualStudioVersion = 17.2.32630.192
MinimumVisualStudioVersion = 10.0.40219.1
Project("{FAE04EC0-301F-11D3-BF4B-00C04F79EFBC}") = "WindowsFormsApp1", "WindowsFormsApp1.csproj", "{A888697F-14A0-4424-906B-EF78B404890A}"
EndProject
Global
	GlobalSection(SolutionConfigurationPlatforms) = preSolution
		Debug|Any CPU = Debug|Any CPU
		Release|Any CPU = Release|Any CPU
	EndGlobalSection
	GlobalSection(ProjectConfigurationPlatforms) = postSolution
		{A888697F-14A0-4424-906B-EF78B404890A}.Debug|Any CPU.ActiveCfg = Debug|Any CPU
		{A888697F-14A0-4424-906B-EF78B404890A}.Debug|Any CPU.Build.0 = Debug|Any CPU
		{A888697F-14A0-4424-906B-EF78B404890A}.Release|Any CPU.ActiveCfg = Release|Any CPU
		{A888697F-14A0-4424-906B-EF78B404890A}.Release|Any CPU.Build.0 = Release|Any CPU
	EndGlobalSection
	GlobalSection(SolutionProperties) = preSolution
		HideSolutionNode = FALSE
	EndGlobalSection
	GlobalSection(ExtensibilityGlobals) = postSolution
		SolutionGuid = {39EEF3CD-6FE2-43DB-8FFF-1E336BD09A51}
	EndGlobalSection
EndGlobal
